<?xml version="1.0" encoding="utf-8"?>
<Project ToolsVersion="4.0" xmlns="http://schemas.microsoft.com/developer/msbuild/2003">
  <ItemGroup>
    <Filter Include="Quelldateien">
      <UniqueIdentifier>{4FC737F1-C7A5-4376-A066-2A32D752A2FF}</UniqueIdentifier>
      <Extensions>cpp;c;cc;cxx;c++;cppm;ixx;def;odl;idl;hpj;bat;asm;asmx</Extensions>
    </Filter>
    <Filter Include="Headerdateien">
      <UniqueIdentifier>{93995380-89BD-4b04-88EB-625FBE52EBFB}</UniqueIdentifier>
      <Extensions>h;hh;hpp;hxx;h++;hm;inl;inc;ipp;xsd</Extensions>
    </Filter>
    <Filter Include="Ressourcendateien">
      <UniqueIdentifier>{67DA6AB6-F800-4c08-8B7A-83BB121AAD01}</UniqueIdentifier>
      <Extensions>rc;ico;cur;bmp;dlg;rc2;rct;bin;rgs;gif;jpg;jpeg;jpe;resx;tiff;tif;png;wav;mfcribbon-ms</Extensions>
    </Filter>
  </ItemGroup>
  <ItemGroup>
    <ClCompile Include="Aufgabe_01_Maximum_Von_Drei_Werten.c">
      <Filter>Quelldateien</Filter>
    </ClCompile>
    <ClCompile Include="Aufgabe_02_Uhrzeit.c">
      <Filter>Quelldateien</Filter>
    </ClCompile>
    <ClCompile Include="Aufgabe_03_TeuflischeFolge.c">
      <Filter>Quelldateien</Filter>
    </ClCompile>
    <ClCompile Include="Aufgabe_04_Zinsberechnung.c">
      <Filter>Quelldateien</Filter>
    </ClCompile>
    <ClCompile Include="Aufgabe_05_Bundesagswahl.c">
      <Filter>Quelldateien</Filter>
    </ClCompile>
    <ClCompile Include="Tom_Frage_01.c">
      <Filter>Quelldateien</Filter>
    </ClCompile>
    <ClCompile Include="Felder.c">
      <Filter>Quelldateien</Filter>
    </ClCompile>
    <ClCompile Include="CommonData.c">
      <Filter>Quelldateien</Filter>
    </ClCompile>
    <ClCompile Include="Aufgabe_06_Felder.c">
      <Filter>Quelldateien</Filter>
    </ClCompile>
    <ClCompile Include="Unterprogramme.c">
      <Filter>Quelldateien</Filter>
    </ClCompile>
    <ClCompile Include="NochMehrUnterprogramme.c">
      <Filter>Quelldateien</Filter>
    </ClCompile>
    <ClCompile Include="Program.c">
      <Filter>Quelldateien</Filter>
    </ClCompile>
    <ClCompile Include="Aufgabe_07_Unterprogramme.c">
      <Filter>Quelldateien</Filter>
    </ClCompile>
    <ClCompile Include="Tom_Frage_02.c">
      <Filter>Quelldateien</Filter>
    </ClCompile>
    <ClCompile Include="Strukturen.c">
      <Filter>Quelldateien</Filter>
    </ClCompile>
    <ClCompile Include="Aufgabe_08_Brueche.c">
      <Filter>Quelldateien</Filter>
    </ClCompile>
    <ClCompile Include="Preprozessor.c">
      <Filter>Quelldateien</Filter>
    </ClCompile>
    <ClCompile Include="Zeichenketten.c">
      <Filter>Quelldateien</Filter>
    </ClCompile>
    <ClCompile Include="Aufgabe_08_Zeichenketten.c">
      <Filter>Quelldateien</Filter>
    </ClCompile>
    <ClCompile Include="Tom_Frage_03.c">
      <Filter>Quelldateien</Filter>
    </ClCompile>
  </ItemGroup>
  <ItemGroup>
    <Text Include="..\Readme_01.txt" />
    <Text Include="..\Readme_02_Dienstag.txt" />
    <Text Include="..\Readme_03_Mittwoch.txt" />
    <Text Include="..\Readme_04_Donnerstag.txt" />
  </ItemGroup>
  <ItemGroup>
    <ClInclude Include="MeineUnterprogramme.h">
      <Filter>Headerdateien</Filter>
    </ClInclude>
  </ItemGroup>
</Project>